Microsoft Visual Studio Solution File, Format Version 12.00
# Visual Studio Version 17
VisualStudioVersion = 17.5.2.0
MinimumVisualStudioVersion = 10.0.40219.1
Project("{FAE04EC0-301F-11D3-BF4B-00C04F79EFBC}") = "Lab4_FeltIS", "Lab4_FeltIS.csproj", "{B6DC5F20-003B-0E0E-56A4-5D425A1C70CF}"
EndProject
Global
	GlobalSection(SolutionConfigurationPlatforms) = preSolution
		Debug|Any CPU = Debug|Any CPU
		Release|Any CPU = Release|Any CPU
	EndGlobalSection
	GlobalSection(ProjectConfigurationPlatforms) = postSolution
		{B6DC5F20-003B-0E0E-56A4-5D425A1C70CF}.Debug|Any CPU.ActiveCfg = Debug|Any CPU
		{B6DC5F20-003B-0E0E-56A4-5D425A1C70CF}.Debug|Any CPU.Build.0 = Debug|Any CPU
		{B6DC5F20-003B-0E0E-56A4-5D425A1C70CF}.Release|Any CPU.ActiveCfg = Release|Any CPU
		{B6DC5F20-003B-0E0E-56A4-5D425A1C70CF}.Release|Any CPU.Build.0 = Release|Any CPU
	EndGlobalSection
	GlobalSection(SolutionProperties) = preSolution
		HideSolutionNode = FALSE
	EndGlobalSection
	GlobalSection(ExtensibilityGlobals) = postSolution
		SolutionGuid = {5937DDDA-9F93-4FDE-8494-19BCE659C5AF}
	EndGlobalSection
EndGlobal
